
Microsoft Visual Studio Solution File, Format Version 12.00
# Visual Studio 15
Project("{FAE04EC0-301F-11D3-BF4B-00C04F79EFBC}") = "SettingsKit", "SettingsKit.csproj", "{B23E4005-6BC4-471F-A566-996F4D031471}"
EndProject
Global
	GlobalSection(SolutionConfigurationPlatforms) = preSolution
		Debug|Any CPU = Debug|Any CPU
		Release|Any CPU = Release|Any CPU
	EndGlobalSection
	GlobalSection(ProjectConfigurationPlatforms) = postSolution
		{B23E4005-6BC4-471F-A566-996F4D031471}.Debug|Any CPU.ActiveCfg = Debug|Any CPU
		{B23E4005-6BC4-471F-A566-996F4D031471}.Debug|Any CPU.Build.0 = Debug|Any CPU
		{B23E4005-6BC4-471F-A566-996F4D031471}.Release|Any CPU.ActiveCfg = Release|Any CPU
		{B23E4005-6BC4-471F-A566-996F4D031471}.Release|Any CPU.Build.0 = Release|Any CPU
	EndGlobalSection
EndGlobal
